// !$*UTF8*$!
{
	archiveVersion = 1;
	classes = {
	};
	objectVersion = 52;
	objects = {

/* Begin PBXBuildFile section */
		101AB3EA255F66BB0010D8AF /* GridSearchApp.swift in Sources */ = {isa = PBXBuildFile; fileRef = 101AB3E9255F66BB0010D8AF /* GridSearchApp.swift */; };
		101AB3EC255F66BB0010D8AF /* ContentView.swift in Sources */ = {isa = PBXBuildFile; fileRef = 101AB3EB255F66BB0010D8AF /* ContentView.swift */; };
		101AB3EE255F66BB0010D8AF /* Assets.xcassets in Resources */ = {isa = PBXBuildFile; fileRef = 101AB3ED255F66BB0010D8AF /* Assets.xcassets */; };
		101AB3F1255F66BB0010D8AF /* Preview Assets.xcassets in Resources */ = {isa = PBXBuildFile; fileRef = 101AB3F0255F66BB0010D8AF /* Preview Assets.xcassets */; };
		1052676625601A770096D025 /* KingfisherSwiftUI in Frameworks */ = {isa = PBXBuildFile; productRef = 1052676525601A770096D025 /* KingfisherSwiftUI */; };
/* End PBXBuildFile section */

/* Begin PBXFileReference section */
		101AB3E6255F66BB0010D8AF /* GridSearch.app */ = {isa = PBXFileReference; explicitFileType = wrapper.application; includeInIndex = 0; path = GridSearch.app; sourceTree = BUILT_PRODUCTS_DIR; };
		101AB3E9255F66BB0010D8AF /* GridSearchApp.swift */ = {isa = PBXFileReference; lastKnownFileType = sourcecode.swift; path = GridSearchApp.swift; sourceTree = "<group>"; };
		101AB3EB255F66BB0010D8AF /* ContentView.swift */ = {isa = PBXFileReference; lastKnownFileType = sourcecode.swift; path = ContentView.swift; sourceTree = "<group>"; };
		101AB3ED255F66BB0010D8AF /* Assets.xcassets */ = {isa = PBXFileReference; lastKnownFileType = folder.assetcatalog; path = Assets.xcassets; sourceTree = "<group>"; };
		101AB3F0255F66BB0010D8AF /* Preview Assets.xcassets */ = {isa = PBXFileReference; lastKnownFileType = folder.assetcatalog; path = "Preview Assets.xcassets"; sourceTree = "<group>"; };
		101AB3F2255F66BB0010D8AF /* Info.plist */ = {isa = PBXFileReference; lastKnownFileType = text.plist.xml; path = Info.plist; sourceTree = "<group>"; };
/* End PBXFileReference section */

/* Begin PBXFrameworksBuildPhase section */
		101AB3E3255F66BB0010D8AF /* Frameworks */ = {
			isa = PBXFrameworksBuildPhase;
			buildActionMask = 2147483647;
			files = (
				1052676625601A770096D025 /* KingfisherSwiftUI in Frameworks */,
			);
			runOnlyForDeploymentPostprocessing = 0;
		};
/* End PBXFrameworksBuildPhase section */

/* Begin PBXGroup section */
		101AB3DD255F66BB0010D8AF = {
			isa = PBXGroup;
			children = (
				101AB3E8255F66BB0010D8AF /* GridSearch */,
				101AB3E7255F66BB0010D8AF /* Products */,
			);
			sourceTree = "<group>";
		};
		101AB3E7255F66BB0010D8AF /* Products */ = {
			isa = PBXGroup;
			children = (
				101AB3E6255F66BB0010D8AF /* GridSearch.app */,
			);
			name = Products;
			sourceTree = "<group>";
		};
		101AB3E8255F66BB0010D8AF /* GridSearch */ = {
			isa = PBXGroup;
			children = (
				101AB3E9255F66BB0010D8AF /* GridSearchApp.swift */,
				101AB3EB255F66BB0010D8AF /* ContentView.swift */,
				101AB3ED255F66BB0010D8AF /* Assets.xcassets */,
				101AB3F2255F66BB0010D8AF /* Info.plist */,
				101AB3EF255F66BB0010D8AF /* Preview Content */,
			);
			path = GridSearch;
			sourceTree = "<group>";
		};
		101AB3EF255F66BB0010D8AF /* Preview Content */ = {
			isa = PBXGroup;
			children = (
				101AB3F0255F66BB0010D8AF /* Preview Assets.xcassets */,
			);
			path = "Preview Content";
			sourceTree = "<group>";
		};
/* End PBXGroup section */

/* Begin PBXNativeTarget section */
		101AB3E5255F66BB0010D8AF /* GridSearch */ = {
			isa = PBXNativeTarget;
			buildConfigurationList = 101AB3F5255F66BB0010D8AF /* Build configuration list for PBXNativeTarget "GridSearch" */;
			buildPhases = (
				101AB3E2255F66BB0010D8AF /* Sources */,
				101AB3E3255F66BB0010D8AF /* Frameworks */,
				101AB3E4255F66BB0010D8AF /* Resources */,
			);
			buildRules = (
			);
			dependencies = (
			);
			name = GridSearch;
			packageProductDependencies = (
				1052676525601A770096D025 /* KingfisherSwiftUI */,
			);
			productName = GridSearch;
			productReference = 101AB3E6255F66BB0010D8AF /* GridSearch.app */;
			productType = "com.apple.product-type.application";
		};
/* End PBXNativeTarget section */

/* Begin PBXProject section */
		101AB3DE255F66BB0010D8AF /* Project object */ = {
			isa = PBXProject;
			attributes = {
				LastSwiftUpdateCheck = 1210;
				LastUpgradeCheck = 1210;
				TargetAttributes = {
					101AB3E5255F66BB0010D8AF = {
						CreatedOnToolsVersion = 12.1;
					};
				};
			};
			buildConfigurationList = 101AB3E1255F66BB0010D8AF /* Build configuration list for PBXProject "GridSearch" */;
			compatibilityVersion = "Xcode 9.3";
			developmentRegion = en;
			hasScannedForEncodings = 0;
			knownRegions = (
				en,
				Base,
			);
			mainGroup = 101AB3DD255F66BB0010D8AF;
			packageReferences = (
				1052676425601A770096D025 /* XCRemoteSwiftPackageReference "Kingfisher" */,
			);
			productRefGroup = 101AB3E7255F66BB0010D8AF /* Products */;
			projectDirPath = "";
			projectRoot = "";
			targets = (
				101AB3E5255F66BB0010D8AF /* GridSearch */,
			);
		};
/* End PBXProject section */

/* Begin PBXResourcesBuildPhase section */
		101AB3E4255F66BB0010D8AF /* Resources */ = {
			isa = PBXResourcesBuildPhase;
			buildActionMask = 2147483647;
			files = (
				101AB3F1255F66BB0010D8AF /* Preview Assets.xcassets in Resources */,
				101AB3EE255F66BB0010D8AF /* Assets.xcassets in Resources */,
			);
			runOnlyForDeploymentPostprocessing = 0;
		};
/* End PBXResourcesBuildPhase section */

/* Begin PBXSourcesBuildPhase section */
		101AB3E2255F66BB0010D8AF /* Sources */ = {
			isa = PBXSourcesBuildPhase;
			buildActionMask = 2147483647;
			files = (
				101AB3EC255F66BB0010D8AF /* ContentView.swift in Sources */,
				101AB3EA255F66BB0010D8AF /* GridSearchApp.swift in Sources */,
			);
			runOnlyForDeploymentPostprocessing = 0;
		};
/* End PBXSourcesBuildPhase section */

/* Begin XCBuildConfiguration section */
		101AB3F3255F66BB0010D8AF /* Debug */ = {
			isa = XCBuildConfiguration;
			buildSettings = {
				ALWAYS_SEARCH_USER_PATHS = NO;
				CLANG_ANALYZER_NONNULL = YES;
				CLANG_ANALYZER_NUMBER_OBJECT_CONVERSION = YES_AGGRESSIVE;
				CLANG_CXX_LANGUAGE_STANDARD = "gnu++14";
				CLANG_CXX_LIBRARY = "libc++";
				CLANG_ENABLE_MODULES = YES;
				CLANG_ENABLE_OBJC_ARC = YES;
				CLANG_ENABLE_OBJC_WEAK = YES;
				CLANG_WARN_BLOCK_CAPTURE_AUTORELEASING = YES;
				CLANG_WARN_BOOL_CONVERSION = YES;
				CLANG_WARN_COMMA = YES;
				CLANG_WARN_CONSTANT_CONVERSION = YES;
				CLANG_WARN_DEPRECATED_OBJC_IMPLEMENTATIONS = YES;
				CLANG_WARN_DIRECT_OBJC_ISA_USAGE = YES_ERROR;
				CLANG_WARN_DOCUMENTATION_COMMENTS = YES;
				CLANG_WARN_EMPTY_BODY = YES;
				CLANG_WARN_ENUM_CONVERSION = YES;
				CLANG_WARN_INFINITE_RECURSION = YES;
				CLANG_WARN_INT_CONVERSION = YES;
				CLANG_WARN_NON_LITERAL_NULL_CONVERSION = YES;
				CLANG_WARN_OBJC_IMPLICIT_RETAIN_SELF = YES;
				CLANG_WARN_OBJC_LITERAL_CONVERSION = YES;
				CLANG_WARN_OBJC_ROOT_CLASS = YES_ERROR;
				CLANG_WARN_QUOTED_INCLUDE_IN_FRAMEWORK_HEADER = YES;
				CLANG_WARN_RANGE_LOOP_ANALYSIS = YES;
				CLANG_WARN_STRICT_PROTOTYPES = YES;
				CLANG_WARN_SUSPICIOUS_MOVE = YES;
				CLANG_WARN_UNGUARDED_AVAILABILITY = YES_AGGRESSIVE;
				CLANG_WARN_UNREACHABLE_CODE = YES;
				CLANG_WARN__DUPLICATE_METHOD_MATCH = YES;
				COPY_PHASE_STRIP = NO;
				DEBUG_INFORMATION_FORMAT = dwarf;
				ENABLE_STRICT_OBJC_MSGSEND = YES;
				ENABLE_TESTABILITY = YES;
				GCC_C_LANGUAGE_STANDARD = gnu11;
				GCC_DYNAMIC_NO_PIC = NO;
				GCC_NO_COMMON_BLOCKS = YES;
				GCC_OPTIMIZATION_LEVEL = 0;
				GCC_PREPROCESSOR_DEFINITIONS = (
					"DEBUG=1",
					"$(inherited)",
				);
				GCC_WARN_64_TO_32_BIT_CONVERSION = YES;
				GCC_WARN_ABOUT_RETURN_TYPE = YES_ERROR;
				GCC_WARN_UNDECLARED_SELECTOR = YES;
				GCC_WARN_UNINITIALIZED_AUTOS = YES_AGGRESSIVE;
				GCC_WARN_UNUSED_FUNCTION = YES;
				GCC_WARN_UNUSED_VARIABLE = YES;
				IPHONEOS_DEPLOYMENT_TARGET = 14.1;
				MTL_ENABLE_DEBUG_INFO = INCLUDE_SOURCE;
				MTL_FAST_MATH = YES;
				ONLY_ACTIVE_ARCH = YES;
				SDKROOT = iphoneos;
				SWIFT_ACTIVE_COMPILATION_CONDITIONS = DEBUG;
				SWIFT_OPTIMIZATION_LEVEL = "-Onone";
			};
			name = Debug;
		};
		101AB3F4255F66BB0010D8AF /* Release */ = {
			isa = XCBuildConfiguration;
			buildSettings = {
				ALWAYS_SEARCH_USER_PATHS = NO;
				CLANG_ANALYZER_NONNULL = YES;
				CLANG_ANALYZER_NUMBER_OBJECT_CONVERSION = YES_AGGRESSIVE;
				CLANG_CXX_LANGUAGE_STANDARD = "gnu++14";
				CLANG_CXX_LIBRARY = "libc++";
				CLANG_ENABLE_MODULES = YES;
				CLANG_ENABLE_OBJC_ARC = YES;
				CLANG_ENABLE_OBJC_WEAK = YES;
				CLANG_WARN_BLOCK_CAPTURE_AUTORELEASING = YES;
				CLANG_WARN_BOOL_CONVERSION = YES;
				CLANG_WARN_COMMA = YES;
				CLANG_WARN_CONSTANT_CONVERSION = YES;
				CLANG_WARN_DEPRECATED_OBJC_IMPLEMENTATIONS = YES;
				CLANG_WARN_DIRECT_OBJC_ISA_USAGE = YES_ERROR;
				CLANG_WARN_DOCUMENTATION_COMMENTS = YES;
				CLANG_WARN_EMPTY_BODY = YES;
				CLANG_WARN_ENUM_CONVERSION = YES;
				CLANG_WARN_INFINITE_RECURSION = YES;
				CLANG_WARN_INT_CONVERSION = YES;
				CLANG_WARN_NON_LITERAL_NULL_CONVERSION = YES;
				CLANG_WARN_OBJC_IMPLICIT_RETAIN_SELF = YES;
				CLANG_WARN_OBJC_LITERAL_CONVERSION = YES;
				CLANG_WARN_OBJC_ROOT_CLASS = YES_ERROR;
				CLANG_WARN_QUOTED_INCLUDE_IN_FRAMEWORK_HEADER = YES;
				CLANG_WARN_RANGE_LOOP_ANALYSIS = YES;
				CLANG_WARN_STRICT_PROTOTYPES = YES;
				CLANG_WARN_SUSPICIOUS_MOVE = YES;
				CLANG_WARN_UNGUARDED_AVAILABILITY = YES_AGGRESSIVE;
				CLANG_WARN_UNREACHABLE_CODE = YES;
				CLANG_WARN__DUPLICATE_METHOD_MATCH = YES;
				COPY_PHASE_STRIP = NO;
				DEBUG_INFORMATION_FORMAT = "dwarf-with-dsym";
				ENABLE_NS_ASSERTIONS = NO;
				ENABLE_STRICT_OBJC_MSGSEND = YES;
				GCC_C_LANGUAGE_STANDARD = gnu11;
				GCC_NO_COMMON_BLOCKS = YES;
				GCC_WARN_64_TO_32_BIT_CONVERSION = YES;
				GCC_WARN_ABOUT_RETURN_TYPE = YES_ERROR;
				GCC_WARN_UNDECLARED_SELECTOR = YES;
				GCC_WARN_UNINITIALIZED_AUTOS = YES_AGGRESSIVE;
				GCC_WARN_UNUSED_FUNCTION = YES;
				GCC_WARN_UNUSED_VARIABLE = YES;
				IPHONEOS_DEPLOYMENT_TARGET = 14.1;
				MTL_ENABLE_DEBUG_INFO = NO;
				MTL_FAST_MATH = YES;
				SDKROOT = iphoneos;
				SWIFT_COMPILATION_MODE = wholemodule;
				SWIFT_OPTIMIZATION_LEVEL = "-O";
				VALIDATE_PRODUCT = YES;
			};
			name = Release;
		};
		101AB3F6255F66BB0010D8AF /* Debug */ = {
			isa = XCBuildConfiguration;
			buildSettings = {
				ASSETCATALOG_COMPILER_APPICON_NAME = AppIcon;
				ASSETCATALOG_COMPILER_GLOBAL_ACCENT_COLOR_NAME = AccentColor;
				CODE_SIGN_STYLE = Automatic;
				DEVELOPMENT_ASSET_PATHS = "\"GridSearch/Preview Content\"";
				DEVELOPMENT_TEAM = SN83872X5M;
				ENABLE_PREVIEWS = YES;
				INFOPLIST_FILE = GridSearch/Info.plist;
				IPHONEOS_DEPLOYMENT_TARGET = 14.0;
				LD_RUNPATH_SEARCH_PATHS = (
					"$(inherited)",
					"@executable_path/Frameworks",
				);
				PRODUCT_BUNDLE_IDENTIFIER = com.websavantMedia.GridSearch;
				PRODUCT_NAME = "$(TARGET_NAME)";
				SWIFT_VERSION = 5.0;
				TARGETED_DEVICE_FAMILY = "1,2";
			};
			name = Debug;
		};
		101AB3F7255F66BB0010D8AF /* Release */ = {
			isa = XCBuildConfiguration;
			buildSettings = {
				ASSETCATALOG_COMPILER_APPICON_NAME = AppIcon;
				ASSETCATALOG_COMPILER_GLOBAL_ACCENT_COLOR_NAME = AccentColor;
				CODE_SIGN_STYLE = Automatic;
				DEVELOPMENT_ASSET_PATHS = "\"GridSearch/Preview Content\"";
				DEVELOPMENT_TEAM = SN83872X5M;
				ENABLE_PREVIEWS = YES;
				INFOPLIST_FILE = GridSearch/Info.plist;
				IPHONEOS_DEPLOYMENT_TARGET = 14.0;
				LD_RUNPATH_SEARCH_PATHS = (
					"$(inherited)",
					"@executable_path/Frameworks",
				);
				PRODUCT_BUNDLE_IDENTIFIER = com.websavantMedia.GridSearch;
				PRODUCT_NAME = "$(TARGET_NAME)";
				SWIFT_VERSION = 5.0;
				TARGETED_DEVICE_FAMILY = "1,2";
			};
			name = Release;
		};
/* End XCBuildConfiguration section */

/* Begin XCConfigurationList section */
		101AB3E1255F66BB0010D8AF /* Build configuration list for PBXProject "GridSearch" */ = {
			isa = XCConfigurationList;
			buildConfigurations = (
				101AB3F3255F66BB0010D8AF /* Debug */,
				101AB3F4255F66BB0010D8AF /* Release */,
			);
			defaultConfigurationIsVisible = 0;
			defaultConfigurationName = Release;
		};
		101AB3F5255F66BB0010D8AF /* Build configuration list for PBXNativeTarget "GridSearch" */ = {
			isa = XCConfigurationList;
			buildConfigurations = (
				101AB3F6255F66BB0010D8AF /* Debug */,
				101AB3F7255F66BB0010D8AF /* Release */,
			);
			defaultConfigurationIsVisible = 0;
			defaultConfigurationName = Release;
		};
/* End XCConfigurationList section */

/* Begin XCRemoteSwiftPackageReference section */
		1052676425601A770096D025 /* XCRemoteSwiftPackageReference "Kingfisher" */ = {
			isa = XCRemoteSwiftPackageReference;
			repositoryURL = "https://github.com/onevcat/Kingfisher";
			requirement = {
				kind = upToNextMajorVersion;
				minimumVersion = 5.15.7;
			};
		};
/* End XCRemoteSwiftPackageReference section */

/* Begin XCSwiftPackageProductDependency section */
		1052676525601A770096D025 /* KingfisherSwiftUI */ = {
			isa = XCSwiftPackageProductDependency;
			package = 1052676425601A770096D025 /* XCRemoteSwiftPackageReference "Kingfisher" */;
			productName = KingfisherSwiftUI;
		};
/* End XCSwiftPackageProductDependency section */
	};
	rootObject = 101AB3DE255F66BB0010D8AF /* Project object */;
}
